
Microsoft Visual Studio Solution File, Format Version 12.00
# Visual Studio Version 17
VisualStudioVersion = 17.10.34928.147
MinimumVisualStudioVersion = 10.0.40219.1
Project("{9A19103F-16F7-4668-BE54-9A1E7A4F7556}") = "PHP.QARAdjustmentTool.API", "PHP.PayerSpaces.API\PHP.QARAdjustmentTool.API.csproj", "{45046632-3292-4A21-9C70-4657D768F4DC}"
EndProject
Global
	GlobalSection(SolutionConfigurationPlatforms) = preSolution
		Debug|Any CPU = Debug|Any CPU
		Release|Any CPU = Release|Any CPU
	EndGlobalSection
	GlobalSection(ProjectConfigurationPlatforms) = postSolution
		{45046632-3292-4A21-9C70-4657D768F4DC}.Debug|Any CPU.ActiveCfg = Debug|Any CPU
		{45046632-3292-4A21-9C70-4657D768F4DC}.Debug|Any CPU.Build.0 = Debug|Any CPU
		{45046632-3292-4A21-9C70-4657D768F4DC}.Release|Any CPU.ActiveCfg = Release|Any CPU
		{45046632-3292-4A21-9C70-4657D768F4DC}.Release|Any CPU.Build.0 = Release|Any CPU
	EndGlobalSection
	GlobalSection(SolutionProperties) = preSolution
		HideSolutionNode = FALSE
	EndGlobalSection
	GlobalSection(ExtensibilityGlobals) = postSolution
		SolutionGuid = {2960D157-BFA1-432D-9316-B14F47CADA7A}
	EndGlobalSection
EndGlobal
